// !$*UTF8*$!
{
	archiveVersion = 1;
	classes = {
	};
	objectVersion = 46;
	objects = {

/* Begin PBXBuildFile section */
		817FEBED1C01584A00DF4B1D /* main.swift in Sources */ = {isa = PBXBuildFile; fileRef = 817FEBEC1C01584A00DF4B1D /* main.swift */; };
		817FEBF41C01585700DF4B1D /* Graph.swift in Sources */ = {isa = PBXBuildFile; fileRef = 817FEBF31C01585700DF4B1D /* Graph.swift */; };
		817FEBF61C015AD700DF4B1D /* Edge.swift in Sources */ = {isa = PBXBuildFile; fileRef = 817FEBF51C015AD700DF4B1D /* Edge.swift */; };
/* End PBXBuildFile section */

/* Begin PBXCopyFilesBuildPhase section */
		817FEBE71C01584A00DF4B1D /* CopyFiles */ = {
			isa = PBXCopyFilesBuildPhase;
			buildActionMask = 2147483647;
			dstPath = /usr/share/man/man1/;
			dstSubfolderSpec = 0;
			files = (
			);
			runOnlyForDeploymentPostprocessing = 1;
		};
/* End PBXCopyFilesBuildPhase section */

/* Begin PBXFileReference section */
		817FEBE91C01584A00DF4B1D /* Kruskal */ = {isa = PBXFileReference; explicitFileType = "compiled.mach-o.executable"; includeInIndex = 0; path = Kruskal; sourceTree = BUILT_PRODUCTS_DIR; };
		817FEBEC1C01584A00DF4B1D /* main.swift */ = {isa = PBXFileReference; lastKnownFileType = sourcecode.swift; path = main.swift; sourceTree = "<group>"; };
		817FEBF31C01585700DF4B1D /* Graph.swift */ = {isa = PBXFileReference; fileEncoding = 4; lastKnownFileType = sourcecode.swift; path = Graph.swift; sourceTree = "<group>"; };
		817FEBF51C015AD700DF4B1D /* Edge.swift */ = {isa = PBXFileReference; fileEncoding = 4; lastKnownFileType = sourcecode.swift; path = Edge.swift; sourceTree = "<group>"; };
/* End PBXFileReference section */

/* Begin PBXFrameworksBuildPhase section */
		817FEBE61C01584A00DF4B1D /* Frameworks */ = {
			isa = PBXFrameworksBuildPhase;
			buildActionMask = 2147483647;
			files = (
			);
			runOnlyForDeploymentPostprocessing = 0;
		};
/* End PBXFrameworksBuildPhase section */

/* Begin PBXGroup section */
		817FEBE01C01584A00DF4B1D = {
			isa = PBXGroup;
			children = (
				817FEBEB1C01584A00DF4B1D /* Kruskal */,
				817FEBEA1C01584A00DF4B1D /* Products */,
			);
			sourceTree = "<group>";
		};
		817FEBEA1C01584A00DF4B1D /* Products */ = {
			isa = PBXGroup;
			children = (
				817FEBE91C01584A00DF4B1D /* Kruskal */,
			);
			name = Products;
			sourceTree = "<group>";
		};
		817FEBEB1C01584A00DF4B1D /* Kruskal */ = {
			isa = PBXGroup;
			children = (
				817FEBEC1C01584A00DF4B1D /* main.swift */,
				817FEBF51C015AD700DF4B1D /* Edge.swift */,
				817FEBF31C01585700DF4B1D /* Graph.swift */,
			);
			path = Kruskal;
			sourceTree = "<group>";
		};
/* End PBXGroup section */

/* Begin PBXNativeTarget section */
		817FEBE81C01584A00DF4B1D /* Kruskal */ = {
			isa = PBXNativeTarget;
			buildConfigurationList = 817FEBF01C01584A00DF4B1D /* Build configuration list for PBXNativeTarget "Kruskal" */;
			buildPhases = (
				817FEBE51C01584A00DF4B1D /* Sources */,
				817FEBE61C01584A00DF4B1D /* Frameworks */,
				817FEBE71C01584A00DF4B1D /* CopyFiles */,
			);
			buildRules = (
			);
			dependencies = (
			);
			name = Kruskal;
			productName = Kruskal;
			productReference = 817FEBE91C01584A00DF4B1D /* Kruskal */;
			productType = "com.apple.product-type.tool";
		};
/* End PBXNativeTarget section */

/* Begin PBXProject section */
		817FEBE11C01584A00DF4B1D /* Project object */ = {
			isa = PBXProject;
			attributes = {
				LastSwiftUpdateCheck = 0710;
				LastUpgradeCheck = 0710;
				ORGANIZATIONNAME = "Ergin Bilgin";
				TargetAttributes = {
					817FEBE81C01584A00DF4B1D = {
						CreatedOnToolsVersion = 7.1.1;
					};
				};
			};
			buildConfigurationList = 817FEBE41C01584A00DF4B1D /* Build configuration list for PBXProject "Kruskal" */;
			compatibilityVersion = "Xcode 3.2";
			developmentRegion = English;
			hasScannedForEncodings = 0;
			knownRegions = (
				en,
			);
			mainGroup = 817FEBE01C01584A00DF4B1D;
			productRefGroup = 817FEBEA1C01584A00DF4B1D /* Products */;
			projectDirPath = "";
			projectRoot = "";
			targets = (
				817FEBE81C01584A00DF4B1D /* Kruskal */,
			);
		};
/* End PBXProject section */

/* Begin PBXSourcesBuildPhase section */
		817FEBE51C01584A00DF4B1D /* Sources */ = {
			isa = PBXSourcesBuildPhase;
			buildActionMask = 2147483647;
			files = (
				817FEBF41C01585700DF4B1D /* Graph.swift in Sources */,
				817FEBED1C01584A00DF4B1D /* main.swift in Sources */,
				817FEBF61C015AD700DF4B1D /* Edge.swift in Sources */,
			);
			runOnlyForDeploymentPostprocessing = 0;
		};
/* End PBXSourcesBuildPhase section */

/* Begin XCBuildConfiguration section */
		817FEBEE1C01584A00DF4B1D /* Debug */ = {
			isa = XCBuildConfiguration;
			buildSettings = {
				ALWAYS_SEARCH_USER_PATHS = NO;
				CLANG_CXX_LANGUAGE_STANDARD = "gnu++0x";
				CLANG_CXX_LIBRARY = "libc++";
				CLANG_ENABLE_MODULES = YES;
				CLANG_ENABLE_OBJC_ARC = YES;
				CLANG_WARN_BOOL_CONVERSION = YES;
				CLANG_WARN_CONSTANT_CONVERSION = YES;
				CLANG_WARN_DIRECT_OBJC_ISA_USAGE = YES_ERROR;
				CLANG_WARN_EMPTY_BODY = YES;
				CLANG_WARN_ENUM_CONVERSION = YES;
				CLANG_WARN_INT_CONVERSION = YES;
				CLANG_WARN_OBJC_ROOT_CLASS = YES_ERROR;
				CLANG_WARN_UNREACHABLE_CODE = YES;
				CLANG_WARN__DUPLICATE_METHOD_MATCH = YES;
				CODE_SIGN_IDENTITY = "-";
				COPY_PHASE_STRIP = NO;
				DEBUG_INFORMATION_FORMAT = dwarf;
				ENABLE_STRICT_OBJC_MSGSEND = YES;
				ENABLE_TESTABILITY = YES;
				GCC_C_LANGUAGE_STANDARD = gnu99;
				GCC_DYNAMIC_NO_PIC = NO;
				GCC_NO_COMMON_BLOCKS = YES;
				GCC_OPTIMIZATION_LEVEL = 0;
				GCC_PREPROCESSOR_DEFINITIONS = (
					"DEBUG=1",
					"$(inherited)",
				);
				GCC_WARN_64_TO_32_BIT_CONVERSION = YES;
				GCC_WARN_ABOUT_RETURN_TYPE = YES_ERROR;
				GCC_WARN_UNDECLARED_SELECTOR = YES;
				GCC_WARN_UNINITIALIZED_AUTOS = YES_AGGRESSIVE;
				GCC_WARN_UNUSED_FUNCTION = YES;
				GCC_WARN_UNUSED_VARIABLE = YES;
				MACOSX_DEPLOYMENT_TARGET = 10.11;
				MTL_ENABLE_DEBUG_INFO = YES;
				ONLY_ACTIVE_ARCH = YES;
				SDKROOT = macosx;
				SWIFT_OPTIMIZATION_LEVEL = "-Onone";
			};
			name = Debug;
		};
		817FEBEF1C01584A00DF4B1D /* Release */ = {
			isa = XCBuildConfiguration;
			buildSettings = {
				ALWAYS_SEARCH_USER_PATHS = NO;
				CLANG_CXX_LANGUAGE_STANDARD = "gnu++0x";
				CLANG_CXX_LIBRARY = "libc++";
				CLANG_ENABLE_MODULES = YES;
				CLANG_ENABLE_OBJC_ARC = YES;
				CLANG_WARN_BOOL_CONVERSION = YES;
				CLANG_WARN_CONSTANT_CONVERSION = YES;
				CLANG_WARN_DIRECT_OBJC_ISA_USAGE = YES_ERROR;
				CLANG_WARN_EMPTY_BODY = YES;
				CLANG_WARN_ENUM_CONVERSION = YES;
				CLANG_WARN_INT_CONVERSION = YES;
				CLANG_WARN_OBJC_ROOT_CLASS = YES_ERROR;
				CLANG_WARN_UNREACHABLE_CODE = YES;
				CLANG_WARN__DUPLICATE_METHOD_MATCH = YES;
				CODE_SIGN_IDENTITY = "-";
				COPY_PHASE_STRIP = NO;
				DEBUG_INFORMATION_FORMAT = "dwarf-with-dsym";
				ENABLE_NS_ASSERTIONS = NO;
				ENABLE_STRICT_OBJC_MSGSEND = YES;
				GCC_C_LANGUAGE_STANDARD = gnu99;
				GCC_NO_COMMON_BLOCKS = YES;
				GCC_WARN_64_TO_32_BIT_CONVERSION = YES;
				GCC_WARN_ABOUT_RETURN_TYPE = YES_ERROR;
				GCC_WARN_UNDECLARED_SELECTOR = YES;
				GCC_WARN_UNINITIALIZED_AUTOS = YES_AGGRESSIVE;
				GCC_WARN_UNUSED_FUNCTION = YES;
				GCC_WARN_UNUSED_VARIABLE = YES;
				MACOSX_DEPLOYMENT_TARGET = 10.11;
				MTL_ENABLE_DEBUG_INFO = NO;
				SDKROOT = macosx;
			};
			name = Release;
		};
		817FEBF11C01584A00DF4B1D /* Debug */ = {
			isa = XCBuildConfiguration;
			buildSettings = {
				PRODUCT_NAME = "$(TARGET_NAME)";
			};
			name = Debug;
		};
		817FEBF21C01584A00DF4B1D /* Release */ = {
			isa = XCBuildConfiguration;
			buildSettings = {
				PRODUCT_NAME = "$(TARGET_NAME)";
			};
			name = Release;
		};
/* End XCBuildConfiguration section */

/* Begin XCConfigurationList section */
		817FEBE41C01584A00DF4B1D /* Build configuration list for PBXProject "Kruskal" */ = {
			isa = XCConfigurationList;
			buildConfigurations = (
				817FEBEE1C01584A00DF4B1D /* Debug */,
				817FEBEF1C01584A00DF4B1D /* Release */,
			);
			defaultConfigurationIsVisible = 0;
			defaultConfigurationName = Release;
		};
		817FEBF01C01584A00DF4B1D /* Build configuration list for PBXNativeTarget "Kruskal" */ = {
			isa = XCConfigurationList;
			buildConfigurations = (
				817FEBF11C01584A00DF4B1D /* Debug */,
				817FEBF21C01584A00DF4B1D /* Release */,
			);
			defaultConfigurationIsVisible = 0;
			defaultConfigurationName = Release;
		};
/* End XCConfigurationList section */
	};
	rootObject = 817FEBE11C01584A00DF4B1D /* Project object */;
}
